
Microsoft Visual Studio Solution File, Format Version 12.00
# Visual Studio Version 17
VisualStudioVersion = 17.6.33723.286
MinimumVisualStudioVersion = 10.0.40219.1
Project("{9A19103F-16F7-4668-BE54-9A1E7A4F7556}") = "ConsoleAppDay1", "ConsoleAppDay1\ConsoleAppDay1.csproj", "{F7833043-DBDB-4F86-8857-EF4C793419A9}"
EndProject
Project("{9A19103F-16F7-4668-BE54-9A1E7A4F7556}") = "ConsoleAppDay2", "ConsoleAppDay2\ConsoleAppDay2.csproj", "{5EB8C754-2F30-4499-B973-18808B351BF9}"
EndProject
Project("{9A19103F-16F7-4668-BE54-9A1E7A4F7556}") = "ConsoleAppDay3", "ConsoleAppDay3\ConsoleAppDay3.csproj", "{9226CF98-AD1C-4492-ACDD-6B3C58C1AEFD}"
EndProject
Project("{2150E333-8FDC-42A3-9474-1A3956D46DE8}") = "ConsoleAppExercises", "ConsoleAppExercises", "{5ED144A1-4F67-47EF-BC27-E58D9BED3086}"
EndProject
Project("{9A19103F-16F7-4668-BE54-9A1E7A4F7556}") = "Exercise1", "Exercise1\Exercise1.csproj", "{58242BD8-8551-431C-B890-5420C28DD8CF}"
EndProject
Project("{2150E333-8FDC-42A3-9474-1A3956D46DE8}") = "Homework", "Homework", "{5AE2DF3B-7CC0-494B-B3B8-6293E31F6B00}"
EndProject
Project("{9A19103F-16F7-4668-BE54-9A1E7A4F7556}") = "Homework1", "Homework1\Homework1.csproj", "{C42F0001-9853-4293-991E-CB382F76CB1E}"
EndProject
Project("{9A19103F-16F7-4668-BE54-9A1E7A4F7556}") = "ConsoleAppDay4", "ConsoleAppDay4\ConsoleAppDay4.csproj", "{6AAF57F7-828D-42C7-A9CF-BA444B4EDA33}"
EndProject
Project("{9A19103F-16F7-4668-BE54-9A1E7A4F7556}") = "Homework2", "Homework2\Homework2.csproj", "{1A107863-762F-4F03-870C-960DAEDEF7B7}"
EndProject
Project("{9A19103F-16F7-4668-BE54-9A1E7A4F7556}") = "ConsoleAppDay5", "ConsoleAppDay5\ConsoleAppDay5.csproj", "{CC76AB8C-69C1-4A82-AE0D-A10E51C0D10D}"
EndProject
Project("{9A19103F-16F7-4668-BE54-9A1E7A4F7556}") = "Exercise2", "Exercise2\Exercise2.csproj", "{E7B72330-15CE-4F93-8CAB-2E9EEF6FF22A}"
EndProject
Project("{9A19103F-16F7-4668-BE54-9A1E7A4F7556}") = "ConsoleAppDay6", "ConsoleAppDay6\ConsoleAppDay6.csproj", "{6F3BB806-8971-46EB-9DBD-B837CD9FC15F}"
EndProject
Project("{9A19103F-16F7-4668-BE54-9A1E7A4F7556}") = "ConsoleAppDay7", "ConsoleAppDay7\ConsoleAppDay7.csproj", "{C0898045-E8BD-4C03-A1A4-2F6B5AC4851A}"
EndProject
Project("{9A19103F-16F7-4668-BE54-9A1E7A4F7556}") = "Homework3", "Homework3\Homework3.csproj", "{A7363177-79AF-4717-87D2-46F5627181CB}"
EndProject
Project("{9A19103F-16F7-4668-BE54-9A1E7A4F7556}") = "ConsoleAppDay8", "ConsoleAppDay8\ConsoleAppDay8.csproj", "{52C86E1E-0B09-47E6-92F9-EE4E921DEAB4}"
EndProject
Project("{FAE04EC0-301F-11D3-BF4B-00C04F79EFBC}") = "ConsoleAppDay9", "ConsoleAppDay9\ConsoleAppDay9.csproj", "{C9B0626E-249A-4056-BE91-E6710BB521DC}"
EndProject
Project("{2150E333-8FDC-42A3-9474-1A3956D46DE8}") = "ConsoleAppDay10", "ConsoleAppDay10", "{3570C507-DFC0-4916-9A03-8F779E45A002}"
EndProject
Project("{FAE04EC0-301F-11D3-BF4B-00C04F79EFBC}") = "Day10-Abstraction", "Day10-Abstraction\Day10-Abstraction.csproj", "{79D86EE0-8262-414A-AB94-FAC1E3018C7A}"
EndProject
Project("{FAE04EC0-301F-11D3-BF4B-00C04F79EFBC}") = "Day10-Interface", "Day10-Interface\Day10-Interface.csproj", "{70F211E1-E4DE-424B-8F0B-F3BF027A795B}"
EndProject
Project("{2150E333-8FDC-42A3-9474-1A3956D46DE8}") = "WindowFormExamples", "WindowFormExamples", "{E7D44A0C-75B2-445F-B369-F883E4ACD6E8}"
EndProject
Project("{FAE04EC0-301F-11D3-BF4B-00C04F79EFBC}") = "ExampleApp", "ExampleApp\ExampleApp.csproj", "{FCBA6A64-42C0-43E9-B020-B8294E5B577C}"
EndProject
Global
	GlobalSection(SolutionConfigurationPlatforms) = preSolution
		Debug|Any CPU = Debug|Any CPU
		Release|Any CPU = Release|Any CPU
	EndGlobalSection
	GlobalSection(ProjectConfigurationPlatforms) = postSolution
		{F7833043-DBDB-4F86-8857-EF4C793419A9}.Debug|Any CPU.ActiveCfg = Debug|Any CPU
		{F7833043-DBDB-4F86-8857-EF4C793419A9}.Debug|Any CPU.Build.0 = Debug|Any CPU
		{F7833043-DBDB-4F86-8857-EF4C793419A9}.Release|Any CPU.ActiveCfg = Release|Any CPU
		{F7833043-DBDB-4F86-8857-EF4C793419A9}.Release|Any CPU.Build.0 = Release|Any CPU
		{5EB8C754-2F30-4499-B973-18808B351BF9}.Debug|Any CPU.ActiveCfg = Debug|Any CPU
		{5EB8C754-2F30-4499-B973-18808B351BF9}.Debug|Any CPU.Build.0 = Debug|Any CPU
		{5EB8C754-2F30-4499-B973-18808B351BF9}.Release|Any CPU.ActiveCfg = Release|Any CPU
		{5EB8C754-2F30-4499-B973-18808B351BF9}.Release|Any CPU.Build.0 = Release|Any CPU
		{9226CF98-AD1C-4492-ACDD-6B3C58C1AEFD}.Debug|Any CPU.ActiveCfg = Debug|Any CPU
		{9226CF98-AD1C-4492-ACDD-6B3C58C1AEFD}.Debug|Any CPU.Build.0 = Debug|Any CPU
		{9226CF98-AD1C-4492-ACDD-6B3C58C1AEFD}.Release|Any CPU.ActiveCfg = Release|Any CPU
		{9226CF98-AD1C-4492-ACDD-6B3C58C1AEFD}.Release|Any CPU.Build.0 = Release|Any CPU
		{58242BD8-8551-431C-B890-5420C28DD8CF}.Debug|Any CPU.ActiveCfg = Debug|Any CPU
		{58242BD8-8551-431C-B890-5420C28DD8CF}.Debug|Any CPU.Build.0 = Debug|Any CPU
		{58242BD8-8551-431C-B890-5420C28DD8CF}.Release|Any CPU.ActiveCfg = Release|Any CPU
		{58242BD8-8551-431C-B890-5420C28DD8CF}.Release|Any CPU.Build.0 = Release|Any CPU
		{C42F0001-9853-4293-991E-CB382F76CB1E}.Debug|Any CPU.ActiveCfg = Debug|Any CPU
		{C42F0001-9853-4293-991E-CB382F76CB1E}.Debug|Any CPU.Build.0 = Debug|Any CPU
		{C42F0001-9853-4293-991E-CB382F76CB1E}.Release|Any CPU.ActiveCfg = Release|Any CPU
		{C42F0001-9853-4293-991E-CB382F76CB1E}.Release|Any CPU.Build.0 = Release|Any CPU
		{6AAF57F7-828D-42C7-A9CF-BA444B4EDA33}.Debug|Any CPU.ActiveCfg = Debug|Any CPU
		{6AAF57F7-828D-42C7-A9CF-BA444B4EDA33}.Debug|Any CPU.Build.0 = Debug|Any CPU
		{6AAF57F7-828D-42C7-A9CF-BA444B4EDA33}.Release|Any CPU.ActiveCfg = Release|Any CPU
		{6AAF57F7-828D-42C7-A9CF-BA444B4EDA33}.Release|Any CPU.Build.0 = Release|Any CPU
		{1A107863-762F-4F03-870C-960DAEDEF7B7}.Debug|Any CPU.ActiveCfg = Debug|Any CPU
		{1A107863-762F-4F03-870C-960DAEDEF7B7}.Debug|Any CPU.Build.0 = Debug|Any CPU
		{1A107863-762F-4F03-870C-960DAEDEF7B7}.Release|Any CPU.ActiveCfg = Release|Any CPU
		{1A107863-762F-4F03-870C-960DAEDEF7B7}.Release|Any CPU.Build.0 = Release|Any CPU
		{CC76AB8C-69C1-4A82-AE0D-A10E51C0D10D}.Debug|Any CPU.ActiveCfg = Debug|Any CPU
		{CC76AB8C-69C1-4A82-AE0D-A10E51C0D10D}.Debug|Any CPU.Build.0 = Debug|Any CPU
		{CC76AB8C-69C1-4A82-AE0D-A10E51C0D10D}.Release|Any CPU.ActiveCfg = Release|Any CPU
		{CC76AB8C-69C1-4A82-AE0D-A10E51C0D10D}.Release|Any CPU.Build.0 = Release|Any CPU
		{E7B72330-15CE-4F93-8CAB-2E9EEF6FF22A}.Debug|Any CPU.ActiveCfg = Debug|Any CPU
		{E7B72330-15CE-4F93-8CAB-2E9EEF6FF22A}.Debug|Any CPU.Build.0 = Debug|Any CPU
		{E7B72330-15CE-4F93-8CAB-2E9EEF6FF22A}.Release|Any CPU.ActiveCfg = Release|Any CPU
		{E7B72330-15CE-4F93-8CAB-2E9EEF6FF22A}.Release|Any CPU.Build.0 = Release|Any CPU
		{6F3BB806-8971-46EB-9DBD-B837CD9FC15F}.Debug|Any CPU.ActiveCfg = Debug|Any CPU
		{6F3BB806-8971-46EB-9DBD-B837CD9FC15F}.Debug|Any CPU.Build.0 = Debug|Any CPU
		{6F3BB806-8971-46EB-9DBD-B837CD9FC15F}.Release|Any CPU.ActiveCfg = Release|Any CPU
		{6F3BB806-8971-46EB-9DBD-B837CD9FC15F}.Release|Any CPU.Build.0 = Release|Any CPU
		{C0898045-E8BD-4C03-A1A4-2F6B5AC4851A}.Debug|Any CPU.ActiveCfg = Debug|Any CPU
		{C0898045-E8BD-4C03-A1A4-2F6B5AC4851A}.Debug|Any CPU.Build.0 = Debug|Any CPU
		{C0898045-E8BD-4C03-A1A4-2F6B5AC4851A}.Release|Any CPU.ActiveCfg = Release|Any CPU
		{C0898045-E8BD-4C03-A1A4-2F6B5AC4851A}.Release|Any CPU.Build.0 = Release|Any CPU
		{A7363177-79AF-4717-87D2-46F5627181CB}.Debug|Any CPU.ActiveCfg = Debug|Any CPU
		{A7363177-79AF-4717-87D2-46F5627181CB}.Debug|Any CPU.Build.0 = Debug|Any CPU
		{A7363177-79AF-4717-87D2-46F5627181CB}.Release|Any CPU.ActiveCfg = Release|Any CPU
		{A7363177-79AF-4717-87D2-46F5627181CB}.Release|Any CPU.Build.0 = Release|Any CPU
		{52C86E1E-0B09-47E6-92F9-EE4E921DEAB4}.Debug|Any CPU.ActiveCfg = Debug|Any CPU
		{52C86E1E-0B09-47E6-92F9-EE4E921DEAB4}.Debug|Any CPU.Build.0 = Debug|Any CPU
		{52C86E1E-0B09-47E6-92F9-EE4E921DEAB4}.Release|Any CPU.ActiveCfg = Release|Any CPU
		{52C86E1E-0B09-47E6-92F9-EE4E921DEAB4}.Release|Any CPU.Build.0 = Release|Any CPU
		{C9B0626E-249A-4056-BE91-E6710BB521DC}.Debug|Any CPU.ActiveCfg = Debug|Any CPU
		{C9B0626E-249A-4056-BE91-E6710BB521DC}.Debug|Any CPU.Build.0 = Debug|Any CPU
		{C9B0626E-249A-4056-BE91-E6710BB521DC}.Release|Any CPU.ActiveCfg = Release|Any CPU
		{C9B0626E-249A-4056-BE91-E6710BB521DC}.Release|Any CPU.Build.0 = Release|Any CPU
		{79D86EE0-8262-414A-AB94-FAC1E3018C7A}.Debug|Any CPU.ActiveCfg = Debug|Any CPU
		{79D86EE0-8262-414A-AB94-FAC1E3018C7A}.Debug|Any CPU.Build.0 = Debug|Any CPU
		{79D86EE0-8262-414A-AB94-FAC1E3018C7A}.Release|Any CPU.ActiveCfg = Release|Any CPU
		{79D86EE0-8262-414A-AB94-FAC1E3018C7A}.Release|Any CPU.Build.0 = Release|Any CPU
		{70F211E1-E4DE-424B-8F0B-F3BF027A795B}.Debug|Any CPU.ActiveCfg = Debug|Any CPU
		{70F211E1-E4DE-424B-8F0B-F3BF027A795B}.Debug|Any CPU.Build.0 = Debug|Any CPU
		{70F211E1-E4DE-424B-8F0B-F3BF027A795B}.Release|Any CPU.ActiveCfg = Release|Any CPU
		{70F211E1-E4DE-424B-8F0B-F3BF027A795B}.Release|Any CPU.Build.0 = Release|Any CPU
		{FCBA6A64-42C0-43E9-B020-B8294E5B577C}.Debug|Any CPU.ActiveCfg = Debug|Any CPU
		{FCBA6A64-42C0-43E9-B020-B8294E5B577C}.Debug|Any CPU.Build.0 = Debug|Any CPU
		{FCBA6A64-42C0-43E9-B020-B8294E5B577C}.Release|Any CPU.ActiveCfg = Release|Any CPU
		{FCBA6A64-42C0-43E9-B020-B8294E5B577C}.Release|Any CPU.Build.0 = Release|Any CPU
	EndGlobalSection
	GlobalSection(SolutionProperties) = preSolution
		HideSolutionNode = FALSE
	EndGlobalSection
	GlobalSection(NestedProjects) = preSolution
		{58242BD8-8551-431C-B890-5420C28DD8CF} = {5ED144A1-4F67-47EF-BC27-E58D9BED3086}
		{C42F0001-9853-4293-991E-CB382F76CB1E} = {5AE2DF3B-7CC0-494B-B3B8-6293E31F6B00}
		{1A107863-762F-4F03-870C-960DAEDEF7B7} = {5AE2DF3B-7CC0-494B-B3B8-6293E31F6B00}
		{E7B72330-15CE-4F93-8CAB-2E9EEF6FF22A} = {5ED144A1-4F67-47EF-BC27-E58D9BED3086}
		{A7363177-79AF-4717-87D2-46F5627181CB} = {5AE2DF3B-7CC0-494B-B3B8-6293E31F6B00}
		{79D86EE0-8262-414A-AB94-FAC1E3018C7A} = {3570C507-DFC0-4916-9A03-8F779E45A002}
		{70F211E1-E4DE-424B-8F0B-F3BF027A795B} = {3570C507-DFC0-4916-9A03-8F779E45A002}
		{FCBA6A64-42C0-43E9-B020-B8294E5B577C} = {E7D44A0C-75B2-445F-B369-F883E4ACD6E8}
	EndGlobalSection
	GlobalSection(ExtensibilityGlobals) = postSolution
		SolutionGuid = {42E61BEB-9C35-4D54-930E-9C3334649067}
	EndGlobalSection
EndGlobal
